{
    "version": 3,
    "terraform_version": "0.9.11",
    "serial": 42,
    "lineage": "ea829c57-add4-4304-a2a1-53fb5aa498e6",
    "modules": [
        {
            "path": [
                "root"
            ],
            "outputs": {},
            "resources": {},
            "depends_on": []
        },
        {
            "path": [
                "root",
                "chef"
            ],
            "outputs": {
                "chef_server_internal_ip": {
                    "sensitive": false,
                    "type": "string",
                    "value": "10.0.16.194"
                }
            },
            "resources": {
                "google_compute_instance.chef_server": {
                    "type": "google_compute_instance",
                    "depends_on": [],
                    "primary": {
                        "id": "chef-server",
                        "attributes": {
                            "attached_disk.#": "0",
                            "can_ip_forward": "false",
                            "create_timeout": "4",
                            "disk.#": "2",
                            "disk.0.auto_delete": "true",
                            "disk.0.device_name": "",
                            "disk.0.disk": "",
                            "disk.0.disk_encryption_key_raw": "",
                            "disk.0.disk_encryption_key_sha256": "",
                            "disk.0.image": "centos-cloud/centos-7-v20170719",
                            "disk.0.scratch": "false",
                            "disk.0.size": "0",
                            "disk.0.type": "",
                            "disk.1.auto_delete": "true",
                            "disk.1.device_name": "",
                            "disk.1.disk": "",
                            "disk.1.disk_encryption_key_raw": "",
                            "disk.1.disk_encryption_key_sha256": "",
                            "disk.1.image": "centos-cloud/centos-7-v20170719",
                            "disk.1.scratch": "false",
                            "disk.1.size": "10",
                            "disk.1.type": "pd-standard",
                            "id": "chef-server",
                            "machine_type": "custom-1-2048",
                            "metadata.%": "0",
                            "metadata_fingerprint": "55KmTy1i3Ao=",
                            "name": "chef-server",
                            "network.#": "0",
                            "network_interface.#": "1",
                            "network_interface.0.access_config.#": "1",
                            "network_interface.0.access_config.0.assigned_nat_ip": "35.194.22.11",
                            "network_interface.0.access_config.0.nat_ip": "",
                            "network_interface.0.address": "10.0.16.194",
                            "network_interface.0.name": "nic0",
                            "network_interface.0.network": "",
                            "network_interface.0.subnetwork": "factory-subnet",
                            "network_interface.0.subnetwork_project": "",
                            "self_link": "https://www.googleapis.com/compute/v1/projects/terraform-app/zones/us-central1-a/instances/chef-server",
                            "service_account.#": "0",
                            "tags.#": "2",
                            "tags.4214628089": "factory",
                            "tags.969816526": "terraform",
                            "tags_fingerprint": "nzqRm-GV1l0=",
                            "zone": "us-central1-a"
                        },
                        "meta": {
                            "schema_version": "2"
                        },
                        "tainted": false
                    },
                    "deposed": [],
                    "provider": ""
                }
            },
            "depends_on": []
        },
        {
            "path": [
                "root",
                "network"
            ],
            "outputs": {},
            "resources": {},
            "depends_on": []
        },
        {
            "path": [
                "root",
                "vpc"
            ],
            "outputs": {
                "app_subnet": {
                    "sensitive": false,
                    "type": "string",
                    "value": "app-subnet"
                },
                "db_subnet": {
                    "sensitive": false,
                    "type": "string",
                    "value": "db-subnet"
                },
                "dmz_subnet": {
                    "sensitive": false,
                    "type": "string",
                    "value": "dmz-subnet"
                },
                "factory_subnet": {
                    "sensitive": false,
                    "type": "string",
                    "value": "factory-subnet"
                },
                "network": {
                    "sensitive": false,
                    "type": "string",
                    "value": "vpc-terraformed"
                }
            },
            "resources": {
                "google_compute_firewall.terraform-default": {
                    "type": "google_compute_firewall",
                    "depends_on": [
                        "google_compute_network.vpc_network"
                    ],
                    "primary": {
                        "id": "terraform-default",
                        "attributes": {
                            "allow.#": "2",
                            "allow.1367131964.ports.#": "0",
                            "allow.1367131964.protocol": "icmp",
                            "allow.803338340.ports.#": "1",
                            "allow.803338340.ports.0": "22",
                            "allow.803338340.protocol": "tcp",
                            "description": "",
                            "id": "terraform-default",
                            "name": "terraform-default",
                            "network": "vpc-terraformed",
                            "project": "terraform-app",
                            "self_link": "https://www.googleapis.com/compute/v1/projects/terraform-app/global/firewalls/terraform-default",
                            "source_ranges.#": "1",
                            "source_ranges.4127811711": "202.92.110.10",
                            "source_tags.#": "0",
                            "target_tags.#": "1",
                            "target_tags.969816526": "terraform"
                        },
                        "meta": {
                            "schema_version": "1"
                        },
                        "tainted": false
                    },
                    "deposed": [],
                    "provider": ""
                },
                "google_compute_network.vpc_network": {
                    "type": "google_compute_network",
                    "depends_on": [],
                    "primary": {
                        "id": "vpc-terraformed",
                        "attributes": {
                            "auto_create_subnetworks": "false",
                            "gateway_ipv4": "",
                            "id": "vpc-terraformed",
                            "ipv4_range": "",
                            "name": "vpc-terraformed",
                            "self_link": "https://www.googleapis.com/compute/v1/projects/terraform-app/global/networks/vpc-terraformed"
                        },
                        "meta": {},
                        "tainted": false
                    },
                    "deposed": [],
                    "provider": ""
                },
                "google_compute_subnetwork.app_subnet": {
                    "type": "google_compute_subnetwork",
                    "depends_on": [
                        "google_compute_network.vpc_network"
                    ],
                    "primary": {
                        "id": "us-central1/app-subnet",
                        "attributes": {
                            "gateway_address": "10.0.16.65",
                            "id": "us-central1/app-subnet",
                            "ip_cidr_range": "10.0.16.64/26",
                            "name": "app-subnet",
                            "network": "https://www.googleapis.com/compute/v1/projects/terraform-app/global/networks/vpc-terraformed",
                            "region": "us-central1",
                            "self_link": "https://www.googleapis.com/compute/v1/projects/terraform-app/regions/us-central1/subnetworks/app-subnet"
                        },
                        "meta": {},
                        "tainted": false
                    },
                    "deposed": [],
                    "provider": ""
                },
                "google_compute_subnetwork.db_subnet": {
                    "type": "google_compute_subnetwork",
                    "depends_on": [
                        "google_compute_network.vpc_network"
                    ],
                    "primary": {
                        "id": "us-central1/db-subnet",
                        "attributes": {
                            "gateway_address": "10.0.16.129",
                            "id": "us-central1/db-subnet",
                            "ip_cidr_range": "10.0.16.128/26",
                            "name": "db-subnet",
                            "network": "https://www.googleapis.com/compute/v1/projects/terraform-app/global/networks/vpc-terraformed",
                            "region": "us-central1",
                            "self_link": "https://www.googleapis.com/compute/v1/projects/terraform-app/regions/us-central1/subnetworks/db-subnet"
                        },
                        "meta": {},
                        "tainted": false
                    },
                    "deposed": [],
                    "provider": ""
                },
                "google_compute_subnetwork.dmz_subnet": {
                    "type": "google_compute_subnetwork",
                    "depends_on": [
                        "google_compute_network.vpc_network"
                    ],
                    "primary": {
                        "id": "us-central1/dmz-subnet",
                        "attributes": {
                            "gateway_address": "10.0.16.1",
                            "id": "us-central1/dmz-subnet",
                            "ip_cidr_range": "10.0.16.0/26",
                            "name": "dmz-subnet",
                            "network": "https://www.googleapis.com/compute/v1/projects/terraform-app/global/networks/vpc-terraformed",
                            "region": "us-central1",
                            "self_link": "https://www.googleapis.com/compute/v1/projects/terraform-app/regions/us-central1/subnetworks/dmz-subnet"
                        },
                        "meta": {},
                        "tainted": false
                    },
                    "deposed": [],
                    "provider": ""
                },
                "google_compute_subnetwork.factory_subnet": {
                    "type": "google_compute_subnetwork",
                    "depends_on": [
                        "google_compute_network.vpc_network"
                    ],
                    "primary": {
                        "id": "us-central1/factory-subnet",
                        "attributes": {
                            "gateway_address": "10.0.16.193",
                            "id": "us-central1/factory-subnet",
                            "ip_cidr_range": "10.0.16.192/26",
                            "name": "factory-subnet",
                            "network": "https://www.googleapis.com/compute/v1/projects/terraform-app/global/networks/vpc-terraformed",
                            "region": "us-central1",
                            "self_link": "https://www.googleapis.com/compute/v1/projects/terraform-app/regions/us-central1/subnetworks/factory-subnet"
                        },
                        "meta": {},
                        "tainted": false
                    },
                    "deposed": [],
                    "provider": ""
                }
            },
            "depends_on": []
        }
    ]
}
